
Microsoft Visual Studio Solution File, Format Version 12.00
# Visual Studio Version 16
VisualStudioVersion = 16.0.31729.503
MinimumVisualStudioVersion = 10.0.40219.1
Project("{FAE04EC0-301F-11D3-BF4B-00C04F79EFBC}") = "Array_List", "ArrayList\Array_List.csproj", "{9C65FF5B-D780-4391-B4A6-071DD718D381}"
EndProject
Global
	GlobalSection(SolutionConfigurationPlatforms) = preSolution
		Debug|Any CPU = Debug|Any CPU
		Release|Any CPU = Release|Any CPU
	EndGlobalSection
	GlobalSection(ProjectConfigurationPlatforms) = postSolution
		{9C65FF5B-D780-4391-B4A6-071DD718D381}.Debug|Any CPU.ActiveCfg = Debug|Any CPU
		{9C65FF5B-D780-4391-B4A6-071DD718D381}.Debug|Any CPU.Build.0 = Debug|Any CPU
		{9C65FF5B-D780-4391-B4A6-071DD718D381}.Release|Any CPU.ActiveCfg = Release|Any CPU
		{9C65FF5B-D780-4391-B4A6-071DD718D381}.Release|Any CPU.Build.0 = Release|Any CPU
	EndGlobalSection
	GlobalSection(SolutionProperties) = preSolution
		HideSolutionNode = FALSE
	EndGlobalSection
	GlobalSection(ExtensibilityGlobals) = postSolution
		SolutionGuid = {8173ED55-ECBE-4533-9D1A-F5790437043E}
	EndGlobalSection
EndGlobal
